# This file is autogenerated, do not edit; changes may be undone by the next 'dep ensure'.


[[projects]]
  branch = "master"
  name = "github.com/NYTimes/logrotate"
  packages = ["."]
  revision = "2b6e866fd507ff9d9b0c4246873004c650fb7aea"

[[projects]]
  name = "github.com/pkg/errors"
  packages = ["."]
  revision = "645ef00459ed84a119197bfb8d8205042c6df63d"
  version = "v0.8.0"

[[projects]]
  name = "github.com/serge-v/toolbox"
  packages = ["common"]
  revision = "218d80ceaee7a50e1f1449a01796a146b2e737ad"
  version = "2"

[[projects]]
  branch = "master"
  name = "golang.org/x/crypto"
  packages = [
    "acme",
    "acme/autocert",
    "pbkdf2",
    "scrypt"
  ]
  revision = "88942b9c40a4c9d203b82b3731787b672d6e809b"

[[projects]]
  branch = "master"
  name = "golang.org/x/net"
  packages = ["websocket"]
  revision = "6078986fec03a1dcc236c34816c71b0e05018fda"

[solve-meta]
  analyzer-name = "dep"
  analyzer-version = 1
  inputs-digest = "316796de88b29fb4942d9f469faa6ddfb3ad41f67e78d53d967c9187924c1692"
  solver-name = "gps-cdcl"
  solver-version = 1
